{
  "version": 4,
  "terraform_version": "1.1.3",
  "serial": 93,
  "lineage": "59da228f-234d-c2f2-0e4d-83612c1f10d7",
  "outputs": {},
  "resources": [
    {
      "mode": "data",
      "type": "digitalocean_ssh_key",
      "name": "wiki",
      "provider": "provider[\"registry.terraform.io/digitalocean/digitalocean\"]",
      "instances": [
        {
          "schema_version": 0,
          "attributes": {
            "fingerprint": "d8:3f:f0:a9:e7:9e:eb:f3:0e:17:d4:c0:5d:75:10:53",
            "id": 33343157,
            "name": "wiki",
            "public_key": "ssh-rsa AAAAB3NzaC1yc2EAAAADAQABAAABAQC+ctUIeEoujmYVP0vYH40cBDN+70lTX8ywIo8uJAqSWkFm5BZrZ6rNYGQlSW/KETxZzuEdk0t/uplhfxSwx6yRKXsmilpf1nO1SB9B6GBwu7kRiaBpFtOINSTy+pLM2FbL+IxccKpdI4qCSZ4hWDak+RXCMw+Bknj3QRLv70vvbrXtTdKN/qr5P/VM/dIhOCKCXQlQQ5syKGJ6nI/v49G4AbjFvHfBwfZRJc7kEJ0M7Yu0oyjjyO70Z7rNZnWFCJbwjd2RPYdUL/0H/okiKmXnWd+X7PpSipn3BZp5Dr0Dem5Pm+ao0PQDLjUmDRL4M8IInXsKeSCPX1hHuyyPARor adminroot@wvds107494"
          },
          "sensitive_attributes": []
        }
      ]
    },
    {
      "mode": "managed",
      "type": "digitalocean_droplet",
      "name": "ddoser-1",
      "provider": "provider[\"registry.terraform.io/digitalocean/digitalocean\"]",
      "instances": [
        {
          "schema_version": 1,
          "attributes": {
            "backups": false,
            "created_at": "2022-03-17T16:27:00Z",
            "disk": 25,
            "droplet_agent": null,
            "graceful_shutdown": false,
            "id": "291125838",
            "image": "docker-20-04",
            "ipv4_address": "165.22.198.100",
            "ipv4_address_private": "10.110.0.3",
            "ipv6": false,
            "ipv6_address": "",
            "locked": false,
            "memory": 1024,
            "monitoring": false,
            "name": "ddoser-1",
            "price_hourly": 0.00744,
            "price_monthly": 5,
            "private_networking": true,
            "region": "ams3",
            "resize_disk": true,
            "size": "s-1vcpu-1gb",
            "ssh_keys": [
              "33343157"
            ],
            "status": "active",
            "tags": null,
            "urn": "do:droplet:291125838",
            "user_data": null,
            "vcpus": 1,
            "volume_ids": [],
            "vpc_uuid": "76496cc3-48be-458a-af9c-dee1dd10b0b4"
          },
          "sensitive_attributes": [],
          "private": "eyJzY2hlbWFfdmVyc2lvbiI6IjEifQ==",
          "dependencies": [
            "data.digitalocean_ssh_key.wiki"
          ]
        }
      ]
    },
    {
      "mode": "managed",
      "type": "digitalocean_droplet",
      "name": "ddoser-2",
      "provider": "provider[\"registry.terraform.io/digitalocean/digitalocean\"]",
      "instances": [
        {
          "schema_version": 1,
          "attributes": {
            "backups": false,
            "created_at": "2022-03-17T16:27:00Z",
            "disk": 25,
            "droplet_agent": null,
            "graceful_shutdown": false,
            "id": "291125843",
            "image": "docker-20-04",
            "ipv4_address": "165.22.198.124",
            "ipv4_address_private": "10.110.0.4",
            "ipv6": false,
            "ipv6_address": "",
            "locked": false,
            "memory": 1024,
            "monitoring": false,
            "name": "ddoser-2",
            "price_hourly": 0.00744,
            "price_monthly": 5,
            "private_networking": true,
            "region": "ams3",
            "resize_disk": true,
            "size": "s-1vcpu-1gb",
            "ssh_keys": [
              "33343157"
            ],
            "status": "active",
            "tags": null,
            "urn": "do:droplet:291125843",
            "user_data": null,
            "vcpus": 1,
            "volume_ids": [],
            "vpc_uuid": "76496cc3-48be-458a-af9c-dee1dd10b0b4"
          },
          "sensitive_attributes": [],
          "private": "eyJzY2hlbWFfdmVyc2lvbiI6IjEifQ==",
          "dependencies": [
            "data.digitalocean_ssh_key.wiki"
          ]
        }
      ]
    },
    {
      "mode": "managed",
      "type": "digitalocean_droplet",
      "name": "ddoser-3",
      "provider": "provider[\"registry.terraform.io/digitalocean/digitalocean\"]",
      "instances": [
        {
          "schema_version": 1,
          "attributes": {
            "backups": false,
            "created_at": "2022-03-17T16:27:00Z",
            "disk": 25,
            "droplet_agent": null,
            "graceful_shutdown": false,
            "id": "291125842",
            "image": "docker-20-04",
            "ipv4_address": "165.22.206.70",
            "ipv4_address_private": "10.110.0.6",
            "ipv6": false,
            "ipv6_address": "",
            "locked": false,
            "memory": 1024,
            "monitoring": false,
            "name": "ddoser-3",
            "price_hourly": 0.00744,
            "price_monthly": 5,
            "private_networking": true,
            "region": "ams3",
            "resize_disk": true,
            "size": "s-1vcpu-1gb",
            "ssh_keys": [
              "33343157"
            ],
            "status": "active",
            "tags": null,
            "urn": "do:droplet:291125842",
            "user_data": null,
            "vcpus": 1,
            "volume_ids": [],
            "vpc_uuid": "76496cc3-48be-458a-af9c-dee1dd10b0b4"
          },
          "sensitive_attributes": [],
          "private": "eyJzY2hlbWFfdmVyc2lvbiI6IjEifQ==",
          "dependencies": [
            "data.digitalocean_ssh_key.wiki"
          ]
        }
      ]
    },
    {
      "mode": "managed",
      "type": "digitalocean_droplet",
      "name": "ddoser-4",
      "provider": "provider[\"registry.terraform.io/digitalocean/digitalocean\"]",
      "instances": [
        {
          "schema_version": 1,
          "attributes": {
            "backups": false,
            "created_at": "2022-03-17T16:26:59Z",
            "disk": 25,
            "droplet_agent": null,
            "graceful_shutdown": false,
            "id": "291125837",
            "image": "docker-20-04",
            "ipv4_address": "165.22.202.173",
            "ipv4_address_private": "10.110.0.2",
            "ipv6": false,
            "ipv6_address": "",
            "locked": false,
            "memory": 1024,
            "monitoring": false,
            "name": "ddoser-4",
            "price_hourly": 0.00744,
            "price_monthly": 5,
            "private_networking": true,
            "region": "ams3",
            "resize_disk": true,
            "size": "s-1vcpu-1gb",
            "ssh_keys": [
              "33343157"
            ],
            "status": "active",
            "tags": null,
            "urn": "do:droplet:291125837",
            "user_data": null,
            "vcpus": 1,
            "volume_ids": [],
            "vpc_uuid": "76496cc3-48be-458a-af9c-dee1dd10b0b4"
          },
          "sensitive_attributes": [],
          "private": "eyJzY2hlbWFfdmVyc2lvbiI6IjEifQ==",
          "dependencies": [
            "data.digitalocean_ssh_key.wiki"
          ]
        }
      ]
    },
    {
      "mode": "managed",
      "type": "digitalocean_droplet",
      "name": "ddoser-5",
      "provider": "provider[\"registry.terraform.io/digitalocean/digitalocean\"]",
      "instances": [
        {
          "schema_version": 1,
          "attributes": {
            "backups": false,
            "created_at": "2022-03-17T16:27:00Z",
            "disk": 25,
            "droplet_agent": null,
            "graceful_shutdown": false,
            "id": "291125839",
            "image": "docker-20-04",
            "ipv4_address": "165.22.198.153",
            "ipv4_address_private": "10.110.0.5",
            "ipv6": false,
            "ipv6_address": "",
            "locked": false,
            "memory": 1024,
            "monitoring": false,
            "name": "ddoser-5",
            "price_hourly": 0.00744,
            "price_monthly": 5,
            "private_networking": true,
            "region": "ams3",
            "resize_disk": true,
            "size": "s-1vcpu-1gb",
            "ssh_keys": [
              "33343157"
            ],
            "status": "active",
            "tags": null,
            "urn": "do:droplet:291125839",
            "user_data": null,
            "vcpus": 1,
            "volume_ids": [],
            "vpc_uuid": "76496cc3-48be-458a-af9c-dee1dd10b0b4"
          },
          "sensitive_attributes": [],
          "private": "eyJzY2hlbWFfdmVyc2lvbiI6IjEifQ==",
          "dependencies": [
            "data.digitalocean_ssh_key.wiki"
          ]
        }
      ]
    }
  ]
}
